
Microsoft Visual Studio Solution File, Format Version 12.00
# Visual Studio 2013
VisualStudioVersion = 12.0.30110.0
MinimumVisualStudioVersion = 10.0.40219.1
Project("{FAE04EC0-301F-11D3-BF4B-00C04F79EFBC}") = "XSharp", "XSharp\XSharp.csproj", "{D8794C58-5951-4B09-BC26-B65688566562}"
EndProject
Project("{FAE04EC0-301F-11D3-BF4B-00C04F79EFBC}") = "XSharp.Tests", "XSharp.Tests\XSharp.Tests.csproj", "{959DE282-D0B0-46FA-8035-D9F675A72BF8}"
EndProject
Project("{2150E333-8FDC-42A3-9474-1A3956D46DE8}") = "Solution Items", "Solution Items", "{3ECC3D3C-F769-4D8C-890A-A8CD2470183D}"
	ProjectSection(SolutionItems) = preProject
		Local.testsettings = Local.testsettings
		TraceAndTestImpact.testsettings = TraceAndTestImpact.testsettings
		XSharp.vsmdi = XSharp.vsmdi
	EndProjectSection
EndProject
Global
	GlobalSection(TeamFoundationVersionControl) = preSolution
		SccNumberOfProjects = 3
		SccEnterpriseProvider = {4CA58AB2-18FA-4F8D-95D4-32DDF27D184C}
		SccTeamFoundationServer = https://johnsworkshop.visualstudio.com/defaultcollection
		SccLocalPath0 = .
		SccProjectUniqueName1 = XSharp\\XSharp.csproj
		SccProjectName1 = XSharp
		SccLocalPath1 = XSharp
		SccProjectUniqueName2 = XSharp.Tests\\XSharp.Tests.csproj
		SccProjectName2 = XSharp.Tests
		SccLocalPath2 = XSharp.Tests
	EndGlobalSection
	GlobalSection(SolutionConfigurationPlatforms) = preSolution
		Debug|Any CPU = Debug|Any CPU
		Debug|Mixed Platforms = Debug|Mixed Platforms
		Debug|x86 = Debug|x86
		Release|Any CPU = Release|Any CPU
		Release|Mixed Platforms = Release|Mixed Platforms
		Release|x86 = Release|x86
	EndGlobalSection
	GlobalSection(ProjectConfigurationPlatforms) = postSolution
		{D8794C58-5951-4B09-BC26-B65688566562}.Debug|Any CPU.ActiveCfg = Debug|Any CPU
		{D8794C58-5951-4B09-BC26-B65688566562}.Debug|Any CPU.Build.0 = Debug|Any CPU
		{D8794C58-5951-4B09-BC26-B65688566562}.Debug|Mixed Platforms.ActiveCfg = Debug|Any CPU
		{D8794C58-5951-4B09-BC26-B65688566562}.Debug|Mixed Platforms.Build.0 = Debug|Any CPU
		{D8794C58-5951-4B09-BC26-B65688566562}.Debug|x86.ActiveCfg = Debug|Any CPU
		{D8794C58-5951-4B09-BC26-B65688566562}.Release|Any CPU.ActiveCfg = Release|Any CPU
		{D8794C58-5951-4B09-BC26-B65688566562}.Release|Any CPU.Build.0 = Release|Any CPU
		{D8794C58-5951-4B09-BC26-B65688566562}.Release|Mixed Platforms.ActiveCfg = Release|Any CPU
		{D8794C58-5951-4B09-BC26-B65688566562}.Release|Mixed Platforms.Build.0 = Release|Any CPU
		{D8794C58-5951-4B09-BC26-B65688566562}.Release|x86.ActiveCfg = Release|Any CPU
		{959DE282-D0B0-46FA-8035-D9F675A72BF8}.Debug|Any CPU.ActiveCfg = Debug|Any CPU
		{959DE282-D0B0-46FA-8035-D9F675A72BF8}.Debug|Any CPU.Build.0 = Debug|Any CPU
		{959DE282-D0B0-46FA-8035-D9F675A72BF8}.Debug|Mixed Platforms.ActiveCfg = Debug|Any CPU
		{959DE282-D0B0-46FA-8035-D9F675A72BF8}.Debug|Mixed Platforms.Build.0 = Debug|Any CPU
		{959DE282-D0B0-46FA-8035-D9F675A72BF8}.Debug|x86.ActiveCfg = Debug|Any CPU
		{959DE282-D0B0-46FA-8035-D9F675A72BF8}.Release|Any CPU.ActiveCfg = Release|Any CPU
		{959DE282-D0B0-46FA-8035-D9F675A72BF8}.Release|Any CPU.Build.0 = Release|Any CPU
		{959DE282-D0B0-46FA-8035-D9F675A72BF8}.Release|Mixed Platforms.ActiveCfg = Release|Any CPU
		{959DE282-D0B0-46FA-8035-D9F675A72BF8}.Release|Mixed Platforms.Build.0 = Release|Any CPU
		{959DE282-D0B0-46FA-8035-D9F675A72BF8}.Release|x86.ActiveCfg = Release|Any CPU
	EndGlobalSection
	GlobalSection(SolutionProperties) = preSolution
		HideSolutionNode = FALSE
	EndGlobalSection
	GlobalSection(TestCaseManagementSettings) = postSolution
		CategoryFile = XSharp.vsmdi
	EndGlobalSection
EndGlobal
